PODS:
  - SDWebImage (5.17.0):
    - SDWebImage/Core (= 5.17.0)
  - SDWebImage/Core (5.17.0)
  - SDWebImageSwiftUI (2.2.3):
    - SDWebImage (~> 5.10)

DEPENDENCIES:
  - SDWebImageSwiftUI

SPEC REPOS:
  trunk:
    - SDWebImage
    - SDWebImageSwiftUI

SPEC CHECKSUMS:
  SDWebImage: 750adf017a315a280c60fde706ab1e552a3ae4e9
  SDWebImageSwiftUI: 17396b7889f9abc27231caaeb64c537564284aab

PODFILE CHECKSUM: 250331fcb60a5f3c8e9dfc0789f805149be29b9a

COCOAPODS: 1.11.3
